// !$*UTF8*$!
{
	archiveVersion = 1;
	classes = {
	};
	objectVersion = 56;
	objects = {

/* Begin PBXBuildFile section */
		9119DB5A2BC0F1FD0046537C /* AppDelegate.swift in Sources */ = {isa = PBXBuildFile; fileRef = 9119DB592BC0F1FD0046537C /* AppDelegate.swift */; };
		9119DB5C2BC0F1FD0046537C /* SceneDelegate.swift in Sources */ = {isa = PBXBuildFile; fileRef = 9119DB5B2BC0F1FD0046537C /* SceneDelegate.swift */; };
		9119DB5E2BC0F1FD0046537C /* ViewController.swift in Sources */ = {isa = PBXBuildFile; fileRef = 9119DB5D2BC0F1FD0046537C /* ViewController.swift */; };
		9119DB612BC0F1FE0046537C /* Base in Resources */ = {isa = PBXBuildFile; fileRef = 9119DB602BC0F1FE0046537C /* Base */; };
		9119DB632BC0F1FF0046537C /* Assets.xcassets in Resources */ = {isa = PBXBuildFile; fileRef = 9119DB622BC0F1FF0046537C /* Assets.xcassets */; };
		9119DB662BC0F1FF0046537C /* Base in Resources */ = {isa = PBXBuildFile; fileRef = 9119DB652BC0F1FF0046537C /* Base */; };
		9119DB712BC0F2000046537C /* AuxTests.swift in Sources */ = {isa = PBXBuildFile; fileRef = 9119DB702BC0F2000046537C /* AuxTests.swift */; };
		9119DB7B2BC0F2000046537C /* AuxUITests.swift in Sources */ = {isa = PBXBuildFile; fileRef = 9119DB7A2BC0F2000046537C /* AuxUITests.swift */; };
		9119DB7D2BC0F2000046537C /* AuxUITestsLaunchTests.swift in Sources */ = {isa = PBXBuildFile; fileRef = 9119DB7C2BC0F2000046537C /* AuxUITestsLaunchTests.swift */; };
/* End PBXBuildFile section */

/* Begin PBXContainerItemProxy section */
		9119DB6D2BC0F2000046537C /* PBXContainerItemProxy */ = {
			isa = PBXContainerItemProxy;
			containerPortal = 9119DB4E2BC0F1FD0046537C /* Project object */;
			proxyType = 1;
			remoteGlobalIDString = 9119DB552BC0F1FD0046537C;
			remoteInfo = Aux;
		};
		9119DB772BC0F2000046537C /* PBXContainerItemProxy */ = {
			isa = PBXContainerItemProxy;
			containerPortal = 9119DB4E2BC0F1FD0046537C /* Project object */;
			proxyType = 1;
			remoteGlobalIDString = 9119DB552BC0F1FD0046537C;
			remoteInfo = Aux;
		};
/* End PBXContainerItemProxy section */

/* Begin PBXFileReference section */
		9119DB562BC0F1FD0046537C /* Aux.app */ = {isa = PBXFileReference; explicitFileType = wrapper.application; includeInIndex = 0; path = Aux.app; sourceTree = BUILT_PRODUCTS_DIR; };
		9119DB592BC0F1FD0046537C /* AppDelegate.swift */ = {isa = PBXFileReference; lastKnownFileType = sourcecode.swift; path = AppDelegate.swift; sourceTree = "<group>"; };
		9119DB5B2BC0F1FD0046537C /* SceneDelegate.swift */ = {isa = PBXFileReference; lastKnownFileType = sourcecode.swift; path = SceneDelegate.swift; sourceTree = "<group>"; };
		9119DB5D2BC0F1FD0046537C /* ViewController.swift */ = {isa = PBXFileReference; lastKnownFileType = sourcecode.swift; path = ViewController.swift; sourceTree = "<group>"; };
		9119DB602BC0F1FE0046537C /* Base */ = {isa = PBXFileReference; lastKnownFileType = file.storyboard; name = Base; path = Base.lproj/Main.storyboard; sourceTree = "<group>"; };
		9119DB622BC0F1FF0046537C /* Assets.xcassets */ = {isa = PBXFileReference; lastKnownFileType = folder.assetcatalog; path = Assets.xcassets; sourceTree = "<group>"; };
		9119DB652BC0F1FF0046537C /* Base */ = {isa = PBXFileReference; lastKnownFileType = file.storyboard; name = Base; path = Base.lproj/LaunchScreen.storyboard; sourceTree = "<group>"; };
		9119DB672BC0F1FF0046537C /* Info.plist */ = {isa = PBXFileReference; lastKnownFileType = text.plist.xml; path = Info.plist; sourceTree = "<group>"; };
		9119DB6C2BC0F2000046537C /* AuxTests.xctest */ = {isa = PBXFileReference; explicitFileType = wrapper.cfbundle; includeInIndex = 0; path = AuxTests.xctest; sourceTree = BUILT_PRODUCTS_DIR; };
		9119DB702BC0F2000046537C /* AuxTests.swift */ = {isa = PBXFileReference; lastKnownFileType = sourcecode.swift; path = AuxTests.swift; sourceTree = "<group>"; };
		9119DB762BC0F2000046537C /* AuxUITests.xctest */ = {isa = PBXFileReference; explicitFileType = wrapper.cfbundle; includeInIndex = 0; path = AuxUITests.xctest; sourceTree = BUILT_PRODUCTS_DIR; };
		9119DB7A2BC0F2000046537C /* AuxUITests.swift */ = {isa = PBXFileReference; lastKnownFileType = sourcecode.swift; path = AuxUITests.swift; sourceTree = "<group>"; };
		9119DB7C2BC0F2000046537C /* AuxUITestsLaunchTests.swift */ = {isa = PBXFileReference; lastKnownFileType = sourcecode.swift; path = AuxUITestsLaunchTests.swift; sourceTree = "<group>"; };
/* End PBXFileReference section */

/* Begin PBXFrameworksBuildPhase section */
		9119DB532BC0F1FD0046537C /* Frameworks */ = {
			isa = PBXFrameworksBuildPhase;
			buildActionMask = 2147483647;
			files = (
			);
			runOnlyForDeploymentPostprocessing = 0;
		};
		9119DB692BC0F2000046537C /* Frameworks */ = {
			isa = PBXFrameworksBuildPhase;
			buildActionMask = 2147483647;
			files = (
			);
			runOnlyForDeploymentPostprocessing = 0;
		};
		9119DB732BC0F2000046537C /* Frameworks */ = {
			isa = PBXFrameworksBuildPhase;
			buildActionMask = 2147483647;
			files = (
			);
			runOnlyForDeploymentPostprocessing = 0;
		};
/* End PBXFrameworksBuildPhase section */

/* Begin PBXGroup section */
		9119DB4D2BC0F1FD0046537C = {
			isa = PBXGroup;
			children = (
				9119DB582BC0F1FD0046537C /* Aux */,
				9119DB6F2BC0F2000046537C /* AuxTests */,
				9119DB792BC0F2000046537C /* AuxUITests */,
				9119DB572BC0F1FD0046537C /* Products */,
			);
			sourceTree = "<group>";
		};
		9119DB572BC0F1FD0046537C /* Products */ = {
			isa = PBXGroup;
			children = (
				9119DB562BC0F1FD0046537C /* Aux.app */,
				9119DB6C2BC0F2000046537C /* AuxTests.xctest */,
				9119DB762BC0F2000046537C /* AuxUITests.xctest */,
			);
			name = Products;
			sourceTree = "<group>";
		};
		9119DB582BC0F1FD0046537C /* Aux */ = {
			isa = PBXGroup;
			children = (
				9119DB592BC0F1FD0046537C /* AppDelegate.swift */,
				9119DB5B2BC0F1FD0046537C /* SceneDelegate.swift */,
				9119DB5D2BC0F1FD0046537C /* ViewController.swift */,
				9119DB5F2BC0F1FE0046537C /* Main.storyboard */,
				9119DB622BC0F1FF0046537C /* Assets.xcassets */,
				9119DB642BC0F1FF0046537C /* LaunchScreen.storyboard */,
				9119DB672BC0F1FF0046537C /* Info.plist */,
			);
			path = Aux;
			sourceTree = "<group>";
		};
		9119DB6F2BC0F2000046537C /* AuxTests */ = {
			isa = PBXGroup;
			children = (
				9119DB702BC0F2000046537C /* AuxTests.swift */,
			);
			path = AuxTests;
			sourceTree = "<group>";
		};
		9119DB792BC0F2000046537C /* AuxUITests */ = {
			isa = PBXGroup;
			children = (
				9119DB7A2BC0F2000046537C /* AuxUITests.swift */,
				9119DB7C2BC0F2000046537C /* AuxUITestsLaunchTests.swift */,
			);
			path = AuxUITests;
			sourceTree = "<group>";
		};
/* End PBXGroup section */

/* Begin PBXNativeTarget section */
		9119DB552BC0F1FD0046537C /* Aux */ = {
			isa = PBXNativeTarget;
			buildConfigurationList = 9119DB802BC0F2000046537C /* Build configuration list for PBXNativeTarget "Aux" */;
			buildPhases = (
				9119DB522BC0F1FD0046537C /* Sources */,
				9119DB532BC0F1FD0046537C /* Frameworks */,
				9119DB542BC0F1FD0046537C /* Resources */,
			);
			buildRules = (
			);
			dependencies = (
			);
			name = Aux;
			productName = Aux;
			productReference = 9119DB562BC0F1FD0046537C /* Aux.app */;
			productType = "com.apple.product-type.application";
		};
		9119DB6B2BC0F2000046537C /* AuxTests */ = {
			isa = PBXNativeTarget;
			buildConfigurationList = 9119DB832BC0F2000046537C /* Build configuration list for PBXNativeTarget "AuxTests" */;
			buildPhases = (
				9119DB682BC0F2000046537C /* Sources */,
				9119DB692BC0F2000046537C /* Frameworks */,
				9119DB6A2BC0F2000046537C /* Resources */,
			);
			buildRules = (
			);
			dependencies = (
				9119DB6E2BC0F2000046537C /* PBXTargetDependency */,
			);
			name = AuxTests;
			productName = AuxTests;
			productReference = 9119DB6C2BC0F2000046537C /* AuxTests.xctest */;
			productType = "com.apple.product-type.bundle.unit-test";
		};
		9119DB752BC0F2000046537C /* AuxUITests */ = {
			isa = PBXNativeTarget;
			buildConfigurationList = 9119DB862BC0F2000046537C /* Build configuration list for PBXNativeTarget "AuxUITests" */;
			buildPhases = (
				9119DB722BC0F2000046537C /* Sources */,
				9119DB732BC0F2000046537C /* Frameworks */,
				9119DB742BC0F2000046537C /* Resources */,
			);
			buildRules = (
			);
			dependencies = (
				9119DB782BC0F2000046537C /* PBXTargetDependency */,
			);
			name = AuxUITests;
			productName = AuxUITests;
			productReference = 9119DB762BC0F2000046537C /* AuxUITests.xctest */;
			productType = "com.apple.product-type.bundle.ui-testing";
		};
/* End PBXNativeTarget section */

/* Begin PBXProject section */
		9119DB4E2BC0F1FD0046537C /* Project object */ = {
			isa = PBXProject;
			attributes = {
				BuildIndependentTargetsInParallel = 1;
				LastSwiftUpdateCheck = 1530;
				LastUpgradeCheck = 1530;
				TargetAttributes = {
					9119DB552BC0F1FD0046537C = {
						CreatedOnToolsVersion = 15.3;
					};
					9119DB6B2BC0F2000046537C = {
						CreatedOnToolsVersion = 15.3;
						TestTargetID = 9119DB552BC0F1FD0046537C;
					};
					9119DB752BC0F2000046537C = {
						CreatedOnToolsVersion = 15.3;
						TestTargetID = 9119DB552BC0F1FD0046537C;
					};
				};
			};
			buildConfigurationList = 9119DB512BC0F1FD0046537C /* Build configuration list for PBXProject "Aux" */;
			compatibilityVersion = "Xcode 14.0";
			developmentRegion = en;
			hasScannedForEncodings = 0;
			knownRegions = (
				en,
				Base,
			);
			mainGroup = 9119DB4D2BC0F1FD0046537C;
			productRefGroup = 9119DB572BC0F1FD0046537C /* Products */;
			projectDirPath = "";
			projectRoot = "";
			targets = (
				9119DB552BC0F1FD0046537C /* Aux */,
				9119DB6B2BC0F2000046537C /* AuxTests */,
				9119DB752BC0F2000046537C /* AuxUITests */,
			);
		};
/* End PBXProject section */

/* Begin PBXResourcesBuildPhase section */
		9119DB542BC0F1FD0046537C /* Resources */ = {
			isa = PBXResourcesBuildPhase;
			buildActionMask = 2147483647;
			files = (
				9119DB632BC0F1FF0046537C /* Assets.xcassets in Resources */,
				9119DB662BC0F1FF0046537C /* Base in Resources */,
				9119DB612BC0F1FE0046537C /* Base in Resources */,
			);
			runOnlyForDeploymentPostprocessing = 0;
		};
		9119DB6A2BC0F2000046537C /* Resources */ = {
			isa = PBXResourcesBuildPhase;
			buildActionMask = 2147483647;
			files = (
			);
			runOnlyForDeploymentPostprocessing = 0;
		};
		9119DB742BC0F2000046537C /* Resources */ = {
			isa = PBXResourcesBuildPhase;
			buildActionMask = 2147483647;
			files = (
			);
			runOnlyForDeploymentPostprocessing = 0;
		};
/* End PBXResourcesBuildPhase section */

/* Begin PBXSourcesBuildPhase section */
		9119DB522BC0F1FD0046537C /* Sources */ = {
			isa = PBXSourcesBuildPhase;
			buildActionMask = 2147483647;
			files = (
				9119DB5E2BC0F1FD0046537C /* ViewController.swift in Sources */,
				9119DB5A2BC0F1FD0046537C /* AppDelegate.swift in Sources */,
				9119DB5C2BC0F1FD0046537C /* SceneDelegate.swift in Sources */,
			);
			runOnlyForDeploymentPostprocessing = 0;
		};
		9119DB682BC0F2000046537C /* Sources */ = {
			isa = PBXSourcesBuildPhase;
			buildActionMask = 2147483647;
			files = (
				9119DB712BC0F2000046537C /* AuxTests.swift in Sources */,
			);
			runOnlyForDeploymentPostprocessing = 0;
		};
		9119DB722BC0F2000046537C /* Sources */ = {
			isa = PBXSourcesBuildPhase;
			buildActionMask = 2147483647;
			files = (
				9119DB7B2BC0F2000046537C /* AuxUITests.swift in Sources */,
				9119DB7D2BC0F2000046537C /* AuxUITestsLaunchTests.swift in Sources */,
			);
			runOnlyForDeploymentPostprocessing = 0;
		};
/* End PBXSourcesBuildPhase section */

/* Begin PBXTargetDependency section */
		9119DB6E2BC0F2000046537C /* PBXTargetDependency */ = {
			isa = PBXTargetDependency;
			target = 9119DB552BC0F1FD0046537C /* Aux */;
			targetProxy = 9119DB6D2BC0F2000046537C /* PBXContainerItemProxy */;
		};
		9119DB782BC0F2000046537C /* PBXTargetDependency */ = {
			isa = PBXTargetDependency;
			target = 9119DB552BC0F1FD0046537C /* Aux */;
			targetProxy = 9119DB772BC0F2000046537C /* PBXContainerItemProxy */;
		};
/* End PBXTargetDependency section */

/* Begin PBXVariantGroup section */
		9119DB5F2BC0F1FE0046537C /* Main.storyboard */ = {
			isa = PBXVariantGroup;
			children = (
				9119DB602BC0F1FE0046537C /* Base */,
			);
			name = Main.storyboard;
			sourceTree = "<group>";
		};
		9119DB642BC0F1FF0046537C /* LaunchScreen.storyboard */ = {
			isa = PBXVariantGroup;
			children = (
				9119DB652BC0F1FF0046537C /* Base */,
			);
			name = LaunchScreen.storyboard;
			sourceTree = "<group>";
		};
/* End PBXVariantGroup section */

/* Begin XCBuildConfiguration section */
		9119DB7E2BC0F2000046537C /* Debug */ = {
			isa = XCBuildConfiguration;
			buildSettings = {
				ALWAYS_SEARCH_USER_PATHS = NO;
				ASSETCATALOG_COMPILER_GENERATE_SWIFT_ASSET_SYMBOL_EXTENSIONS = YES;
				CLANG_ANALYZER_NONNULL = YES;
				CLANG_ANALYZER_NUMBER_OBJECT_CONVERSION = YES_AGGRESSIVE;
				CLANG_CXX_LANGUAGE_STANDARD = "gnu++20";
				CLANG_ENABLE_MODULES = YES;
				CLANG_ENABLE_OBJC_ARC = YES;
				CLANG_ENABLE_OBJC_WEAK = YES;
				CLANG_WARN_BLOCK_CAPTURE_AUTORELEASING = YES;
				CLANG_WARN_BOOL_CONVERSION = YES;
				CLANG_WARN_COMMA = YES;
				CLANG_WARN_CONSTANT_CONVERSION = YES;
				CLANG_WARN_DEPRECATED_OBJC_IMPLEMENTATIONS = YES;
				CLANG_WARN_DIRECT_OBJC_ISA_USAGE = YES_ERROR;
				CLANG_WARN_DOCUMENTATION_COMMENTS = YES;
				CLANG_WARN_EMPTY_BODY = YES;
				CLANG_WARN_ENUM_CONVERSION = YES;
				CLANG_WARN_INFINITE_RECURSION = YES;
				CLANG_WARN_INT_CONVERSION = YES;
				CLANG_WARN_NON_LITERAL_NULL_CONVERSION = YES;
				CLANG_WARN_OBJC_IMPLICIT_RETAIN_SELF = YES;
				CLANG_WARN_OBJC_LITERAL_CONVERSION = YES;
				CLANG_WARN_OBJC_ROOT_CLASS = YES_ERROR;
				CLANG_WARN_QUOTED_INCLUDE_IN_FRAMEWORK_HEADER = YES;
				CLANG_WARN_RANGE_LOOP_ANALYSIS = YES;
				CLANG_WARN_STRICT_PROTOTYPES = YES;
				CLANG_WARN_SUSPICIOUS_MOVE = YES;
				CLANG_WARN_UNGUARDED_AVAILABILITY = YES_AGGRESSIVE;
				CLANG_WARN_UNREACHABLE_CODE = YES;
				CLANG_WARN__DUPLICATE_METHOD_MATCH = YES;
				COPY_PHASE_STRIP = NO;
				DEBUG_INFORMATION_FORMAT = dwarf;
				ENABLE_STRICT_OBJC_MSGSEND = YES;
				ENABLE_TESTABILITY = YES;
				ENABLE_USER_SCRIPT_SANDBOXING = YES;
				GCC_C_LANGUAGE_STANDARD = gnu17;
				GCC_DYNAMIC_NO_PIC = NO;
				GCC_NO_COMMON_BLOCKS = YES;
				GCC_OPTIMIZATION_LEVEL = 0;
				GCC_PREPROCESSOR_DEFINITIONS = (
					"DEBUG=1",
					"$(inherited)",
				);
				GCC_WARN_64_TO_32_BIT_CONVERSION = YES;
				GCC_WARN_ABOUT_RETURN_TYPE = YES_ERROR;
				GCC_WARN_UNDECLARED_SELECTOR = YES;
				GCC_WARN_UNINITIALIZED_AUTOS = YES_AGGRESSIVE;
				GCC_WARN_UNUSED_FUNCTION = YES;
				GCC_WARN_UNUSED_VARIABLE = YES;
				IPHONEOS_DEPLOYMENT_TARGET = 17.4;
				LOCALIZATION_PREFERS_STRING_CATALOGS = YES;
				MTL_ENABLE_DEBUG_INFO = INCLUDE_SOURCE;
				MTL_FAST_MATH = YES;
				ONLY_ACTIVE_ARCH = YES;
				SDKROOT = iphoneos;
				SWIFT_ACTIVE_COMPILATION_CONDITIONS = "DEBUG $(inherited)";
				SWIFT_OPTIMIZATION_LEVEL = "-Onone";
			};
			name = Debug;
		};
		9119DB7F2BC0F2000046537C /* Release */ = {
			isa = XCBuildConfiguration;
			buildSettings = {
				ALWAYS_SEARCH_USER_PATHS = NO;
				ASSETCATALOG_COMPILER_GENERATE_SWIFT_ASSET_SYMBOL_EXTENSIONS = YES;
				CLANG_ANALYZER_NONNULL = YES;
				CLANG_ANALYZER_NUMBER_OBJECT_CONVERSION = YES_AGGRESSIVE;
				CLANG_CXX_LANGUAGE_STANDARD = "gnu++20";
				CLANG_ENABLE_MODULES = YES;
				CLANG_ENABLE_OBJC_ARC = YES;
				CLANG_ENABLE_OBJC_WEAK = YES;
				CLANG_WARN_BLOCK_CAPTURE_AUTORELEASING = YES;
				CLANG_WARN_BOOL_CONVERSION = YES;
				CLANG_WARN_COMMA = YES;
				CLANG_WARN_CONSTANT_CONVERSION = YES;
				CLANG_WARN_DEPRECATED_OBJC_IMPLEMENTATIONS = YES;
				CLANG_WARN_DIRECT_OBJC_ISA_USAGE = YES_ERROR;
				CLANG_WARN_DOCUMENTATION_COMMENTS = YES;
				CLANG_WARN_EMPTY_BODY = YES;
				CLANG_WARN_ENUM_CONVERSION = YES;
				CLANG_WARN_INFINITE_RECURSION = YES;
				CLANG_WARN_INT_CONVERSION = YES;
				CLANG_WARN_NON_LITERAL_NULL_CONVERSION = YES;
				CLANG_WARN_OBJC_IMPLICIT_RETAIN_SELF = YES;
				CLANG_WARN_OBJC_LITERAL_CONVERSION = YES;
				CLANG_WARN_OBJC_ROOT_CLASS = YES_ERROR;
				CLANG_WARN_QUOTED_INCLUDE_IN_FRAMEWORK_HEADER = YES;
				CLANG_WARN_RANGE_LOOP_ANALYSIS = YES;
				CLANG_WARN_STRICT_PROTOTYPES = YES;
				CLANG_WARN_SUSPICIOUS_MOVE = YES;
				CLANG_WARN_UNGUARDED_AVAILABILITY = YES_AGGRESSIVE;
				CLANG_WARN_UNREACHABLE_CODE = YES;
				CLANG_WARN__DUPLICATE_METHOD_MATCH = YES;
				COPY_PHASE_STRIP = NO;
				DEBUG_INFORMATION_FORMAT = "dwarf-with-dsym";
				ENABLE_NS_ASSERTIONS = NO;
				ENABLE_STRICT_OBJC_MSGSEND = YES;
				ENABLE_USER_SCRIPT_SANDBOXING = YES;
				GCC_C_LANGUAGE_STANDARD = gnu17;
				GCC_NO_COMMON_BLOCKS = YES;
				GCC_WARN_64_TO_32_BIT_CONVERSION = YES;
				GCC_WARN_ABOUT_RETURN_TYPE = YES_ERROR;
				GCC_WARN_UNDECLARED_SELECTOR = YES;
				GCC_WARN_UNINITIALIZED_AUTOS = YES_AGGRESSIVE;
				GCC_WARN_UNUSED_FUNCTION = YES;
				GCC_WARN_UNUSED_VARIABLE = YES;
				IPHONEOS_DEPLOYMENT_TARGET = 17.4;
				LOCALIZATION_PREFERS_STRING_CATALOGS = YES;
				MTL_ENABLE_DEBUG_INFO = NO;
				MTL_FAST_MATH = YES;
				SDKROOT = iphoneos;
				SWIFT_COMPILATION_MODE = wholemodule;
				VALIDATE_PRODUCT = YES;
			};
			name = Release;
		};
		9119DB812BC0F2000046537C /* Debug */ = {
			isa = XCBuildConfiguration;
			buildSettings = {
				ASSETCATALOG_COMPILER_APPICON_NAME = AppIcon;
				ASSETCATALOG_COMPILER_GLOBAL_ACCENT_COLOR_NAME = AccentColor;
				CODE_SIGN_STYLE = Automatic;
				CURRENT_PROJECT_VERSION = 1;
				DEVELOPMENT_TEAM = 3V3N7C2X33;
				GENERATE_INFOPLIST_FILE = YES;
				INFOPLIST_FILE = Aux/Info.plist;
				INFOPLIST_KEY_UIApplicationSupportsIndirectInputEvents = YES;
				INFOPLIST_KEY_UILaunchStoryboardName = LaunchScreen;
				INFOPLIST_KEY_UIMainStoryboardFile = Main;
				INFOPLIST_KEY_UISupportedInterfaceOrientations_iPad = "UIInterfaceOrientationPortrait UIInterfaceOrientationPortraitUpsideDown UIInterfaceOrientationLandscapeLeft UIInterfaceOrientationLandscapeRight";
				INFOPLIST_KEY_UISupportedInterfaceOrientations_iPhone = "UIInterfaceOrientationPortrait UIInterfaceOrientationLandscapeLeft UIInterfaceOrientationLandscapeRight";
				LD_RUNPATH_SEARCH_PATHS = (
					"$(inherited)",
					"@executable_path/Frameworks",
				);
				MARKETING_VERSION = 1.0;
				PRODUCT_BUNDLE_IDENTIFIER = com.GrewalLu.Aux;
				PRODUCT_NAME = "$(TARGET_NAME)";
				SWIFT_EMIT_LOC_STRINGS = YES;
				SWIFT_VERSION = 5.0;
				TARGETED_DEVICE_FAMILY = "1,2";
			};
			name = Debug;
		};
		9119DB822BC0F2000046537C /* Release */ = {
			isa = XCBuildConfiguration;
			buildSettings = {
				ASSETCATALOG_COMPILER_APPICON_NAME = AppIcon;
				ASSETCATALOG_COMPILER_GLOBAL_ACCENT_COLOR_NAME = AccentColor;
				CODE_SIGN_STYLE = Automatic;
				CURRENT_PROJECT_VERSION = 1;
				DEVELOPMENT_TEAM = 3V3N7C2X33;
				GENERATE_INFOPLIST_FILE = YES;
				INFOPLIST_FILE = Aux/Info.plist;
				INFOPLIST_KEY_UIApplicationSupportsIndirectInputEvents = YES;
				INFOPLIST_KEY_UILaunchStoryboardName = LaunchScreen;
				INFOPLIST_KEY_UIMainStoryboardFile = Main;
				INFOPLIST_KEY_UISupportedInterfaceOrientations_iPad = "UIInterfaceOrientationPortrait UIInterfaceOrientationPortraitUpsideDown UIInterfaceOrientationLandscapeLeft UIInterfaceOrientationLandscapeRight";
				INFOPLIST_KEY_UISupportedInterfaceOrientations_iPhone = "UIInterfaceOrientationPortrait UIInterfaceOrientationLandscapeLeft UIInterfaceOrientationLandscapeRight";
				LD_RUNPATH_SEARCH_PATHS = (
					"$(inherited)",
					"@executable_path/Frameworks",
				);
				MARKETING_VERSION = 1.0;
				PRODUCT_BUNDLE_IDENTIFIER = com.GrewalLu.Aux;
				PRODUCT_NAME = "$(TARGET_NAME)";
				SWIFT_EMIT_LOC_STRINGS = YES;
				SWIFT_VERSION = 5.0;
				TARGETED_DEVICE_FAMILY = "1,2";
			};
			name = Release;
		};
		9119DB842BC0F2000046537C /* Debug */ = {
			isa = XCBuildConfiguration;
			buildSettings = {
				ALWAYS_EMBED_SWIFT_STANDARD_LIBRARIES = YES;
				BUNDLE_LOADER = "$(TEST_HOST)";
				CODE_SIGN_STYLE = Automatic;
				CURRENT_PROJECT_VERSION = 1;
				DEVELOPMENT_TEAM = 3V3N7C2X33;
				GENERATE_INFOPLIST_FILE = YES;
				IPHONEOS_DEPLOYMENT_TARGET = 17.4;
				MARKETING_VERSION = 1.0;
				PRODUCT_BUNDLE_IDENTIFIER = com.GrewalLu.AuxTests;
				PRODUCT_NAME = "$(TARGET_NAME)";
				SWIFT_EMIT_LOC_STRINGS = NO;
				SWIFT_VERSION = 5.0;
				TARGETED_DEVICE_FAMILY = "1,2";
				TEST_HOST = "$(BUILT_PRODUCTS_DIR)/Aux.app/$(BUNDLE_EXECUTABLE_FOLDER_PATH)/Aux";
			};
			name = Debug;
		};
		9119DB852BC0F2000046537C /* Release */ = {
			isa = XCBuildConfiguration;
			buildSettings = {
				ALWAYS_EMBED_SWIFT_STANDARD_LIBRARIES = YES;
				BUNDLE_LOADER = "$(TEST_HOST)";
				CODE_SIGN_STYLE = Automatic;
				CURRENT_PROJECT_VERSION = 1;
				DEVELOPMENT_TEAM = 3V3N7C2X33;
				GENERATE_INFOPLIST_FILE = YES;
				IPHONEOS_DEPLOYMENT_TARGET = 17.4;
				MARKETING_VERSION = 1.0;
				PRODUCT_BUNDLE_IDENTIFIER = com.GrewalLu.AuxTests;
				PRODUCT_NAME = "$(TARGET_NAME)";
				SWIFT_EMIT_LOC_STRINGS = NO;
				SWIFT_VERSION = 5.0;
				TARGETED_DEVICE_FAMILY = "1,2";
				TEST_HOST = "$(BUILT_PRODUCTS_DIR)/Aux.app/$(BUNDLE_EXECUTABLE_FOLDER_PATH)/Aux";
			};
			name = Release;
		};
		9119DB872BC0F2000046537C /* Debug */ = {
			isa = XCBuildConfiguration;
			buildSettings = {
				ALWAYS_EMBED_SWIFT_STANDARD_LIBRARIES = YES;
				CODE_SIGN_STYLE = Automatic;
				CURRENT_PROJECT_VERSION = 1;
				DEVELOPMENT_TEAM = 3V3N7C2X33;
				GENERATE_INFOPLIST_FILE = YES;
				MARKETING_VERSION = 1.0;
				PRODUCT_BUNDLE_IDENTIFIER = com.GrewalLu.AuxUITests;
				PRODUCT_NAME = "$(TARGET_NAME)";
				SWIFT_EMIT_LOC_STRINGS = NO;
				SWIFT_VERSION = 5.0;
				TARGETED_DEVICE_FAMILY = "1,2";
				TEST_TARGET_NAME = Aux;
			};
			name = Debug;
		};
		9119DB882BC0F2000046537C /* Release */ = {
			isa = XCBuildConfiguration;
			buildSettings = {
				ALWAYS_EMBED_SWIFT_STANDARD_LIBRARIES = YES;
				CODE_SIGN_STYLE = Automatic;
				CURRENT_PROJECT_VERSION = 1;
				DEVELOPMENT_TEAM = 3V3N7C2X33;
				GENERATE_INFOPLIST_FILE = YES;
				MARKETING_VERSION = 1.0;
				PRODUCT_BUNDLE_IDENTIFIER = com.GrewalLu.AuxUITests;
				PRODUCT_NAME = "$(TARGET_NAME)";
				SWIFT_EMIT_LOC_STRINGS = NO;
				SWIFT_VERSION = 5.0;
				TARGETED_DEVICE_FAMILY = "1,2";
				TEST_TARGET_NAME = Aux;
			};
			name = Release;
		};
/* End XCBuildConfiguration section */

/* Begin XCConfigurationList section */
		9119DB512BC0F1FD0046537C /* Build configuration list for PBXProject "Aux" */ = {
			isa = XCConfigurationList;
			buildConfigurations = (
				9119DB7E2BC0F2000046537C /* Debug */,
				9119DB7F2BC0F2000046537C /* Release */,
			);
			defaultConfigurationIsVisible = 0;
			defaultConfigurationName = Release;
		};
		9119DB802BC0F2000046537C /* Build configuration list for PBXNativeTarget "Aux" */ = {
			isa = XCConfigurationList;
			buildConfigurations = (
				9119DB812BC0F2000046537C /* Debug */,
				9119DB822BC0F2000046537C /* Release */,
			);
			defaultConfigurationIsVisible = 0;
			defaultConfigurationName = Release;
		};
		9119DB832BC0F2000046537C /* Build configuration list for PBXNativeTarget "AuxTests" */ = {
			isa = XCConfigurationList;
			buildConfigurations = (
				9119DB842BC0F2000046537C /* Debug */,
				9119DB852BC0F2000046537C /* Release */,
			);
			defaultConfigurationIsVisible = 0;
			defaultConfigurationName = Release;
		};
		9119DB862BC0F2000046537C /* Build configuration list for PBXNativeTarget "AuxUITests" */ = {
			isa = XCConfigurationList;
			buildConfigurations = (
				9119DB872BC0F2000046537C /* Debug */,
				9119DB882BC0F2000046537C /* Release */,
			);
			defaultConfigurationIsVisible = 0;
			defaultConfigurationName = Release;
		};
/* End XCConfigurationList section */
	};
	rootObject = 9119DB4E2BC0F1FD0046537C /* Project object */;
}
