// !$*UTF8*$!
{
	archiveVersion = 1;
	classes = {
	};
	objectVersion = 56;
	objects = {

/* Begin PBXBuildFile section */
		811422392BCA17A3004EE512 /* NextViewController.swift in Sources */ = {isa = PBXBuildFile; fileRef = 811422382BCA17A3004EE512 /* NextViewController.swift */; };
		8114223B2BCA20D6004EE512 /* userTabBarController.swift in Sources */ = {isa = PBXBuildFile; fileRef = 8114223A2BCA20D6004EE512 /* userTabBarController.swift */; };
		8114223D2BCA216D004EE512 /* SearchViewController.swift in Sources */ = {isa = PBXBuildFile; fileRef = 8114223C2BCA216D004EE512 /* SearchViewController.swift */; };
		8114223F2BCA2173004EE512 /* ProfiileViewController.swift in Sources */ = {isa = PBXBuildFile; fileRef = 8114223E2BCA2173004EE512 /* ProfiileViewController.swift */; };
		814EC7012BC8735A00BFCC00 /* SignUpButton.swift in Sources */ = {isa = PBXBuildFile; fileRef = 814EC7002BC8735A00BFCC00 /* SignUpButton.swift */; };
		81F664632BC858960049600A /* AppDelegate.swift in Sources */ = {isa = PBXBuildFile; fileRef = 81F664622BC858960049600A /* AppDelegate.swift */; };
		81F664652BC858960049600A /* SceneDelegate.swift in Sources */ = {isa = PBXBuildFile; fileRef = 81F664642BC858960049600A /* SceneDelegate.swift */; };
		81F664672BC858960049600A /* HomeViewController.swift in Sources */ = {isa = PBXBuildFile; fileRef = 81F664662BC858960049600A /* HomeViewController.swift */; };
		81F6646A2BC858960049600A /* Base in Resources */ = {isa = PBXBuildFile; fileRef = 81F664692BC858960049600A /* Base */; };
		81F6646C2BC858970049600A /* Assets.xcassets in Resources */ = {isa = PBXBuildFile; fileRef = 81F6646B2BC858970049600A /* Assets.xcassets */; };
		81F6646F2BC858970049600A /* Base in Resources */ = {isa = PBXBuildFile; fileRef = 81F6646E2BC858970049600A /* Base */; };
		81F6647A2BC858970049600A /* AUX_LuGrewal1Tests.swift in Sources */ = {isa = PBXBuildFile; fileRef = 81F664792BC858970049600A /* AUX_LuGrewal1Tests.swift */; };
		81F664842BC858970049600A /* AUX_LuGrewal1UITests.swift in Sources */ = {isa = PBXBuildFile; fileRef = 81F664832BC858970049600A /* AUX_LuGrewal1UITests.swift */; };
		81F664862BC858970049600A /* AUX_LuGrewal1UITestsLaunchTests.swift in Sources */ = {isa = PBXBuildFile; fileRef = 81F664852BC858970049600A /* AUX_LuGrewal1UITestsLaunchTests.swift */; };
		81F664932BC870680049600A /* CustomTextField.swift in Sources */ = {isa = PBXBuildFile; fileRef = 81F664922BC870680049600A /* CustomTextField.swift */; };
/* End PBXBuildFile section */

/* Begin PBXContainerItemProxy section */
		81F664762BC858970049600A /* PBXContainerItemProxy */ = {
			isa = PBXContainerItemProxy;
			containerPortal = 81F664572BC858960049600A /* Project object */;
			proxyType = 1;
			remoteGlobalIDString = 81F6645E2BC858960049600A;
			remoteInfo = "AUX LuGrewal1";
		};
		81F664802BC858970049600A /* PBXContainerItemProxy */ = {
			isa = PBXContainerItemProxy;
			containerPortal = 81F664572BC858960049600A /* Project object */;
			proxyType = 1;
			remoteGlobalIDString = 81F6645E2BC858960049600A;
			remoteInfo = "AUX LuGrewal1";
		};
/* End PBXContainerItemProxy section */

/* Begin PBXFileReference section */
		811422382BCA17A3004EE512 /* NextViewController.swift */ = {isa = PBXFileReference; lastKnownFileType = sourcecode.swift; path = NextViewController.swift; sourceTree = "<group>"; };
		8114223A2BCA20D6004EE512 /* userTabBarController.swift */ = {isa = PBXFileReference; lastKnownFileType = sourcecode.swift; path = userTabBarController.swift; sourceTree = "<group>"; };
		8114223C2BCA216D004EE512 /* SearchViewController.swift */ = {isa = PBXFileReference; lastKnownFileType = sourcecode.swift; path = SearchViewController.swift; sourceTree = "<group>"; };
		8114223E2BCA2173004EE512 /* ProfiileViewController.swift */ = {isa = PBXFileReference; lastKnownFileType = sourcecode.swift; path = ProfiileViewController.swift; sourceTree = "<group>"; };
		814EC7002BC8735A00BFCC00 /* SignUpButton.swift */ = {isa = PBXFileReference; lastKnownFileType = sourcecode.swift; path = SignUpButton.swift; sourceTree = "<group>"; };
		81F6645F2BC858960049600A /* AUX LuGrewal1.app */ = {isa = PBXFileReference; explicitFileType = wrapper.application; includeInIndex = 0; path = "AUX LuGrewal1.app"; sourceTree = BUILT_PRODUCTS_DIR; };
		81F664622BC858960049600A /* AppDelegate.swift */ = {isa = PBXFileReference; lastKnownFileType = sourcecode.swift; path = AppDelegate.swift; sourceTree = "<group>"; };
		81F664642BC858960049600A /* SceneDelegate.swift */ = {isa = PBXFileReference; lastKnownFileType = sourcecode.swift; path = SceneDelegate.swift; sourceTree = "<group>"; };
		81F664662BC858960049600A /* HomeViewController.swift */ = {isa = PBXFileReference; lastKnownFileType = sourcecode.swift; path = HomeViewController.swift; sourceTree = "<group>"; };
		81F664692BC858960049600A /* Base */ = {isa = PBXFileReference; lastKnownFileType = file.storyboard; name = Base; path = Base.lproj/Main.storyboard; sourceTree = "<group>"; };
		81F6646B2BC858970049600A /* Assets.xcassets */ = {isa = PBXFileReference; lastKnownFileType = folder.assetcatalog; path = Assets.xcassets; sourceTree = "<group>"; };
		81F6646E2BC858970049600A /* Base */ = {isa = PBXFileReference; lastKnownFileType = file.storyboard; name = Base; path = Base.lproj/LaunchScreen.storyboard; sourceTree = "<group>"; };
		81F664702BC858970049600A /* Info.plist */ = {isa = PBXFileReference; lastKnownFileType = text.plist.xml; path = Info.plist; sourceTree = "<group>"; };
		81F664752BC858970049600A /* AUX LuGrewal1Tests.xctest */ = {isa = PBXFileReference; explicitFileType = wrapper.cfbundle; includeInIndex = 0; path = "AUX LuGrewal1Tests.xctest"; sourceTree = BUILT_PRODUCTS_DIR; };
		81F664792BC858970049600A /* AUX_LuGrewal1Tests.swift */ = {isa = PBXFileReference; lastKnownFileType = sourcecode.swift; path = AUX_LuGrewal1Tests.swift; sourceTree = "<group>"; };
		81F6647F2BC858970049600A /* AUX LuGrewal1UITests.xctest */ = {isa = PBXFileReference; explicitFileType = wrapper.cfbundle; includeInIndex = 0; path = "AUX LuGrewal1UITests.xctest"; sourceTree = BUILT_PRODUCTS_DIR; };
		81F664832BC858970049600A /* AUX_LuGrewal1UITests.swift */ = {isa = PBXFileReference; lastKnownFileType = sourcecode.swift; path = AUX_LuGrewal1UITests.swift; sourceTree = "<group>"; };
		81F664852BC858970049600A /* AUX_LuGrewal1UITestsLaunchTests.swift */ = {isa = PBXFileReference; lastKnownFileType = sourcecode.swift; path = AUX_LuGrewal1UITestsLaunchTests.swift; sourceTree = "<group>"; };
		81F664922BC870680049600A /* CustomTextField.swift */ = {isa = PBXFileReference; lastKnownFileType = sourcecode.swift; path = CustomTextField.swift; sourceTree = "<group>"; };
/* End PBXFileReference section */

/* Begin PBXFrameworksBuildPhase section */
		81F6645C2BC858960049600A /* Frameworks */ = {
			isa = PBXFrameworksBuildPhase;
			buildActionMask = 2147483647;
			files = (
			);
			runOnlyForDeploymentPostprocessing = 0;
		};
		81F664722BC858970049600A /* Frameworks */ = {
			isa = PBXFrameworksBuildPhase;
			buildActionMask = 2147483647;
			files = (
			);
			runOnlyForDeploymentPostprocessing = 0;
		};
		81F6647C2BC858970049600A /* Frameworks */ = {
			isa = PBXFrameworksBuildPhase;
			buildActionMask = 2147483647;
			files = (
			);
			runOnlyForDeploymentPostprocessing = 0;
		};
/* End PBXFrameworksBuildPhase section */

/* Begin PBXGroup section */
		81F664562BC858960049600A = {
			isa = PBXGroup;
			children = (
				81F664612BC858960049600A /* AUX LuGrewal1 */,
				81F664782BC858970049600A /* AUX LuGrewal1Tests */,
				81F664822BC858970049600A /* AUX LuGrewal1UITests */,
				81F664602BC858960049600A /* Products */,
			);
			sourceTree = "<group>";
		};
		81F664602BC858960049600A /* Products */ = {
			isa = PBXGroup;
			children = (
				81F6645F2BC858960049600A /* AUX LuGrewal1.app */,
				81F664752BC858970049600A /* AUX LuGrewal1Tests.xctest */,
				81F6647F2BC858970049600A /* AUX LuGrewal1UITests.xctest */,
			);
			name = Products;
			sourceTree = "<group>";
		};
		81F664612BC858960049600A /* AUX LuGrewal1 */ = {
			isa = PBXGroup;
			children = (
				81F664622BC858960049600A /* AppDelegate.swift */,
				81F664642BC858960049600A /* SceneDelegate.swift */,
				81F664662BC858960049600A /* HomeViewController.swift */,
				8114223C2BCA216D004EE512 /* SearchViewController.swift */,
				8114223E2BCA2173004EE512 /* ProfiileViewController.swift */,
				8114223A2BCA20D6004EE512 /* userTabBarController.swift */,
				811422382BCA17A3004EE512 /* NextViewController.swift */,
				81F664682BC858960049600A /* Main.storyboard */,
				81F6646B2BC858970049600A /* Assets.xcassets */,
				81F6646D2BC858970049600A /* LaunchScreen.storyboard */,
				814EC7002BC8735A00BFCC00 /* SignUpButton.swift */,
				81F664922BC870680049600A /* CustomTextField.swift */,
				81F664702BC858970049600A /* Info.plist */,
			);
			path = "AUX LuGrewal1";
			sourceTree = "<group>";
		};
		81F664782BC858970049600A /* AUX LuGrewal1Tests */ = {
			isa = PBXGroup;
			children = (
				81F664792BC858970049600A /* AUX_LuGrewal1Tests.swift */,
			);
			path = "AUX LuGrewal1Tests";
			sourceTree = "<group>";
		};
		81F664822BC858970049600A /* AUX LuGrewal1UITests */ = {
			isa = PBXGroup;
			children = (
				81F664832BC858970049600A /* AUX_LuGrewal1UITests.swift */,
				81F664852BC858970049600A /* AUX_LuGrewal1UITestsLaunchTests.swift */,
			);
			path = "AUX LuGrewal1UITests";
			sourceTree = "<group>";
		};
/* End PBXGroup section */

/* Begin PBXNativeTarget section */
		81F6645E2BC858960049600A /* AUX LuGrewal1 */ = {
			isa = PBXNativeTarget;
			buildConfigurationList = 81F664892BC858970049600A /* Build configuration list for PBXNativeTarget "AUX LuGrewal1" */;
			buildPhases = (
				81F6645B2BC858960049600A /* Sources */,
				81F6645C2BC858960049600A /* Frameworks */,
				81F6645D2BC858960049600A /* Resources */,
			);
			buildRules = (
			);
			dependencies = (
			);
			name = "AUX LuGrewal1";
			productName = "AUX LuGrewal1";
			productReference = 81F6645F2BC858960049600A /* AUX LuGrewal1.app */;
			productType = "com.apple.product-type.application";
		};
		81F664742BC858970049600A /* AUX LuGrewal1Tests */ = {
			isa = PBXNativeTarget;
			buildConfigurationList = 81F6648C2BC858970049600A /* Build configuration list for PBXNativeTarget "AUX LuGrewal1Tests" */;
			buildPhases = (
				81F664712BC858970049600A /* Sources */,
				81F664722BC858970049600A /* Frameworks */,
				81F664732BC858970049600A /* Resources */,
			);
			buildRules = (
			);
			dependencies = (
				81F664772BC858970049600A /* PBXTargetDependency */,
			);
			name = "AUX LuGrewal1Tests";
			productName = "AUX LuGrewal1Tests";
			productReference = 81F664752BC858970049600A /* AUX LuGrewal1Tests.xctest */;
			productType = "com.apple.product-type.bundle.unit-test";
		};
		81F6647E2BC858970049600A /* AUX LuGrewal1UITests */ = {
			isa = PBXNativeTarget;
			buildConfigurationList = 81F6648F2BC858970049600A /* Build configuration list for PBXNativeTarget "AUX LuGrewal1UITests" */;
			buildPhases = (
				81F6647B2BC858970049600A /* Sources */,
				81F6647C2BC858970049600A /* Frameworks */,
				81F6647D2BC858970049600A /* Resources */,
			);
			buildRules = (
			);
			dependencies = (
				81F664812BC858970049600A /* PBXTargetDependency */,
			);
			name = "AUX LuGrewal1UITests";
			productName = "AUX LuGrewal1UITests";
			productReference = 81F6647F2BC858970049600A /* AUX LuGrewal1UITests.xctest */;
			productType = "com.apple.product-type.bundle.ui-testing";
		};
/* End PBXNativeTarget section */

/* Begin PBXProject section */
		81F664572BC858960049600A /* Project object */ = {
			isa = PBXProject;
			attributes = {
				BuildIndependentTargetsInParallel = 1;
				LastSwiftUpdateCheck = 1530;
				LastUpgradeCheck = 1530;
				TargetAttributes = {
					81F6645E2BC858960049600A = {
						CreatedOnToolsVersion = 15.3;
					};
					81F664742BC858970049600A = {
						CreatedOnToolsVersion = 15.3;
						TestTargetID = 81F6645E2BC858960049600A;
					};
					81F6647E2BC858970049600A = {
						CreatedOnToolsVersion = 15.3;
						TestTargetID = 81F6645E2BC858960049600A;
					};
				};
			};
			buildConfigurationList = 81F6645A2BC858960049600A /* Build configuration list for PBXProject "AUX LuGrewal1" */;
			compatibilityVersion = "Xcode 14.0";
			developmentRegion = en;
			hasScannedForEncodings = 0;
			knownRegions = (
				en,
				Base,
			);
			mainGroup = 81F664562BC858960049600A;
			productRefGroup = 81F664602BC858960049600A /* Products */;
			projectDirPath = "";
			projectRoot = "";
			targets = (
				81F6645E2BC858960049600A /* AUX LuGrewal1 */,
				81F664742BC858970049600A /* AUX LuGrewal1Tests */,
				81F6647E2BC858970049600A /* AUX LuGrewal1UITests */,
			);
		};
/* End PBXProject section */

/* Begin PBXResourcesBuildPhase section */
		81F6645D2BC858960049600A /* Resources */ = {
			isa = PBXResourcesBuildPhase;
			buildActionMask = 2147483647;
			files = (
				81F6646C2BC858970049600A /* Assets.xcassets in Resources */,
				81F6646F2BC858970049600A /* Base in Resources */,
				81F6646A2BC858960049600A /* Base in Resources */,
			);
			runOnlyForDeploymentPostprocessing = 0;
		};
		81F664732BC858970049600A /* Resources */ = {
			isa = PBXResourcesBuildPhase;
			buildActionMask = 2147483647;
			files = (
			);
			runOnlyForDeploymentPostprocessing = 0;
		};
		81F6647D2BC858970049600A /* Resources */ = {
			isa = PBXResourcesBuildPhase;
			buildActionMask = 2147483647;
			files = (
			);
			runOnlyForDeploymentPostprocessing = 0;
		};
/* End PBXResourcesBuildPhase section */

/* Begin PBXSourcesBuildPhase section */
		81F6645B2BC858960049600A /* Sources */ = {
			isa = PBXSourcesBuildPhase;
			buildActionMask = 2147483647;
			files = (
				81F664932BC870680049600A /* CustomTextField.swift in Sources */,
				8114223F2BCA2173004EE512 /* ProfiileViewController.swift in Sources */,
				811422392BCA17A3004EE512 /* NextViewController.swift in Sources */,
				8114223D2BCA216D004EE512 /* SearchViewController.swift in Sources */,
				81F664672BC858960049600A /* HomeViewController.swift in Sources */,
				8114223B2BCA20D6004EE512 /* userTabBarController.swift in Sources */,
				81F664632BC858960049600A /* AppDelegate.swift in Sources */,
				81F664652BC858960049600A /* SceneDelegate.swift in Sources */,
				814EC7012BC8735A00BFCC00 /* SignUpButton.swift in Sources */,
			);
			runOnlyForDeploymentPostprocessing = 0;
		};
		81F664712BC858970049600A /* Sources */ = {
			isa = PBXSourcesBuildPhase;
			buildActionMask = 2147483647;
			files = (
				81F6647A2BC858970049600A /* AUX_LuGrewal1Tests.swift in Sources */,
			);
			runOnlyForDeploymentPostprocessing = 0;
		};
		81F6647B2BC858970049600A /* Sources */ = {
			isa = PBXSourcesBuildPhase;
			buildActionMask = 2147483647;
			files = (
				81F664862BC858970049600A /* AUX_LuGrewal1UITestsLaunchTests.swift in Sources */,
				81F664842BC858970049600A /* AUX_LuGrewal1UITests.swift in Sources */,
			);
			runOnlyForDeploymentPostprocessing = 0;
		};
/* End PBXSourcesBuildPhase section */

/* Begin PBXTargetDependency section */
		81F664772BC858970049600A /* PBXTargetDependency */ = {
			isa = PBXTargetDependency;
			target = 81F6645E2BC858960049600A /* AUX LuGrewal1 */;
			targetProxy = 81F664762BC858970049600A /* PBXContainerItemProxy */;
		};
		81F664812BC858970049600A /* PBXTargetDependency */ = {
			isa = PBXTargetDependency;
			target = 81F6645E2BC858960049600A /* AUX LuGrewal1 */;
			targetProxy = 81F664802BC858970049600A /* PBXContainerItemProxy */;
		};
/* End PBXTargetDependency section */

/* Begin PBXVariantGroup section */
		81F664682BC858960049600A /* Main.storyboard */ = {
			isa = PBXVariantGroup;
			children = (
				81F664692BC858960049600A /* Base */,
			);
			name = Main.storyboard;
			sourceTree = "<group>";
		};
		81F6646D2BC858970049600A /* LaunchScreen.storyboard */ = {
			isa = PBXVariantGroup;
			children = (
				81F6646E2BC858970049600A /* Base */,
			);
			name = LaunchScreen.storyboard;
			sourceTree = "<group>";
		};
/* End PBXVariantGroup section */

/* Begin XCBuildConfiguration section */
		81F664872BC858970049600A /* Debug */ = {
			isa = XCBuildConfiguration;
			buildSettings = {
				ALWAYS_SEARCH_USER_PATHS = NO;
				ASSETCATALOG_COMPILER_GENERATE_SWIFT_ASSET_SYMBOL_EXTENSIONS = YES;
				CLANG_ANALYZER_NONNULL = YES;
				CLANG_ANALYZER_NUMBER_OBJECT_CONVERSION = YES_AGGRESSIVE;
				CLANG_CXX_LANGUAGE_STANDARD = "gnu++20";
				CLANG_ENABLE_MODULES = YES;
				CLANG_ENABLE_OBJC_ARC = YES;
				CLANG_ENABLE_OBJC_WEAK = YES;
				CLANG_WARN_BLOCK_CAPTURE_AUTORELEASING = YES;
				CLANG_WARN_BOOL_CONVERSION = YES;
				CLANG_WARN_COMMA = YES;
				CLANG_WARN_CONSTANT_CONVERSION = YES;
				CLANG_WARN_DEPRECATED_OBJC_IMPLEMENTATIONS = YES;
				CLANG_WARN_DIRECT_OBJC_ISA_USAGE = YES_ERROR;
				CLANG_WARN_DOCUMENTATION_COMMENTS = YES;
				CLANG_WARN_EMPTY_BODY = YES;
				CLANG_WARN_ENUM_CONVERSION = YES;
				CLANG_WARN_INFINITE_RECURSION = YES;
				CLANG_WARN_INT_CONVERSION = YES;
				CLANG_WARN_NON_LITERAL_NULL_CONVERSION = YES;
				CLANG_WARN_OBJC_IMPLICIT_RETAIN_SELF = YES;
				CLANG_WARN_OBJC_LITERAL_CONVERSION = YES;
				CLANG_WARN_OBJC_ROOT_CLASS = YES_ERROR;
				CLANG_WARN_QUOTED_INCLUDE_IN_FRAMEWORK_HEADER = YES;
				CLANG_WARN_RANGE_LOOP_ANALYSIS = YES;
				CLANG_WARN_STRICT_PROTOTYPES = YES;
				CLANG_WARN_SUSPICIOUS_MOVE = YES;
				CLANG_WARN_UNGUARDED_AVAILABILITY = YES_AGGRESSIVE;
				CLANG_WARN_UNREACHABLE_CODE = YES;
				CLANG_WARN__DUPLICATE_METHOD_MATCH = YES;
				COPY_PHASE_STRIP = NO;
				DEBUG_INFORMATION_FORMAT = dwarf;
				ENABLE_STRICT_OBJC_MSGSEND = YES;
				ENABLE_TESTABILITY = YES;
				ENABLE_USER_SCRIPT_SANDBOXING = YES;
				GCC_C_LANGUAGE_STANDARD = gnu17;
				GCC_DYNAMIC_NO_PIC = NO;
				GCC_NO_COMMON_BLOCKS = YES;
				GCC_OPTIMIZATION_LEVEL = 0;
				GCC_PREPROCESSOR_DEFINITIONS = (
					"DEBUG=1",
					"$(inherited)",
				);
				GCC_WARN_64_TO_32_BIT_CONVERSION = YES;
				GCC_WARN_ABOUT_RETURN_TYPE = YES_ERROR;
				GCC_WARN_UNDECLARED_SELECTOR = YES;
				GCC_WARN_UNINITIALIZED_AUTOS = YES_AGGRESSIVE;
				GCC_WARN_UNUSED_FUNCTION = YES;
				GCC_WARN_UNUSED_VARIABLE = YES;
				IPHONEOS_DEPLOYMENT_TARGET = 17.4;
				LOCALIZATION_PREFERS_STRING_CATALOGS = YES;
				MTL_ENABLE_DEBUG_INFO = INCLUDE_SOURCE;
				MTL_FAST_MATH = YES;
				ONLY_ACTIVE_ARCH = YES;
				SDKROOT = iphoneos;
				SWIFT_ACTIVE_COMPILATION_CONDITIONS = "DEBUG $(inherited)";
				SWIFT_OPTIMIZATION_LEVEL = "-Onone";
			};
			name = Debug;
		};
		81F664882BC858970049600A /* Release */ = {
			isa = XCBuildConfiguration;
			buildSettings = {
				ALWAYS_SEARCH_USER_PATHS = NO;
				ASSETCATALOG_COMPILER_GENERATE_SWIFT_ASSET_SYMBOL_EXTENSIONS = YES;
				CLANG_ANALYZER_NONNULL = YES;
				CLANG_ANALYZER_NUMBER_OBJECT_CONVERSION = YES_AGGRESSIVE;
				CLANG_CXX_LANGUAGE_STANDARD = "gnu++20";
				CLANG_ENABLE_MODULES = YES;
				CLANG_ENABLE_OBJC_ARC = YES;
				CLANG_ENABLE_OBJC_WEAK = YES;
				CLANG_WARN_BLOCK_CAPTURE_AUTORELEASING = YES;
				CLANG_WARN_BOOL_CONVERSION = YES;
				CLANG_WARN_COMMA = YES;
				CLANG_WARN_CONSTANT_CONVERSION = YES;
				CLANG_WARN_DEPRECATED_OBJC_IMPLEMENTATIONS = YES;
				CLANG_WARN_DIRECT_OBJC_ISA_USAGE = YES_ERROR;
				CLANG_WARN_DOCUMENTATION_COMMENTS = YES;
				CLANG_WARN_EMPTY_BODY = YES;
				CLANG_WARN_ENUM_CONVERSION = YES;
				CLANG_WARN_INFINITE_RECURSION = YES;
				CLANG_WARN_INT_CONVERSION = YES;
				CLANG_WARN_NON_LITERAL_NULL_CONVERSION = YES;
				CLANG_WARN_OBJC_IMPLICIT_RETAIN_SELF = YES;
				CLANG_WARN_OBJC_LITERAL_CONVERSION = YES;
				CLANG_WARN_OBJC_ROOT_CLASS = YES_ERROR;
				CLANG_WARN_QUOTED_INCLUDE_IN_FRAMEWORK_HEADER = YES;
				CLANG_WARN_RANGE_LOOP_ANALYSIS = YES;
				CLANG_WARN_STRICT_PROTOTYPES = YES;
				CLANG_WARN_SUSPICIOUS_MOVE = YES;
				CLANG_WARN_UNGUARDED_AVAILABILITY = YES_AGGRESSIVE;
				CLANG_WARN_UNREACHABLE_CODE = YES;
				CLANG_WARN__DUPLICATE_METHOD_MATCH = YES;
				COPY_PHASE_STRIP = NO;
				DEBUG_INFORMATION_FORMAT = "dwarf-with-dsym";
				ENABLE_NS_ASSERTIONS = NO;
				ENABLE_STRICT_OBJC_MSGSEND = YES;
				ENABLE_USER_SCRIPT_SANDBOXING = YES;
				GCC_C_LANGUAGE_STANDARD = gnu17;
				GCC_NO_COMMON_BLOCKS = YES;
				GCC_WARN_64_TO_32_BIT_CONVERSION = YES;
				GCC_WARN_ABOUT_RETURN_TYPE = YES_ERROR;
				GCC_WARN_UNDECLARED_SELECTOR = YES;
				GCC_WARN_UNINITIALIZED_AUTOS = YES_AGGRESSIVE;
				GCC_WARN_UNUSED_FUNCTION = YES;
				GCC_WARN_UNUSED_VARIABLE = YES;
				IPHONEOS_DEPLOYMENT_TARGET = 17.4;
				LOCALIZATION_PREFERS_STRING_CATALOGS = YES;
				MTL_ENABLE_DEBUG_INFO = NO;
				MTL_FAST_MATH = YES;
				SDKROOT = iphoneos;
				SWIFT_COMPILATION_MODE = wholemodule;
				VALIDATE_PRODUCT = YES;
			};
			name = Release;
		};
		81F6648A2BC858970049600A /* Debug */ = {
			isa = XCBuildConfiguration;
			buildSettings = {
				ASSETCATALOG_COMPILER_APPICON_NAME = AppIcon;
				ASSETCATALOG_COMPILER_GLOBAL_ACCENT_COLOR_NAME = AccentColor;
				CODE_SIGN_STYLE = Automatic;
				CURRENT_PROJECT_VERSION = 1;
				DEVELOPMENT_TEAM = 2HD9BFM85J;
				GENERATE_INFOPLIST_FILE = YES;
				INFOPLIST_FILE = "AUX LuGrewal1/Info.plist";
				INFOPLIST_KEY_UIApplicationSupportsIndirectInputEvents = YES;
				INFOPLIST_KEY_UILaunchStoryboardName = LaunchScreen;
				INFOPLIST_KEY_UIMainStoryboardFile = Main;
				INFOPLIST_KEY_UISupportedInterfaceOrientations_iPad = "UIInterfaceOrientationPortrait UIInterfaceOrientationPortraitUpsideDown UIInterfaceOrientationLandscapeLeft UIInterfaceOrientationLandscapeRight";
				INFOPLIST_KEY_UISupportedInterfaceOrientations_iPhone = "UIInterfaceOrientationPortrait UIInterfaceOrientationLandscapeLeft UIInterfaceOrientationLandscapeRight";
				LD_RUNPATH_SEARCH_PATHS = (
					"$(inherited)",
					"@executable_path/Frameworks",
				);
				MARKETING_VERSION = 1.0;
				PRODUCT_BUNDLE_IDENTIFIER = "patrick.AUX-LuGrewal1";
				PRODUCT_NAME = "$(TARGET_NAME)";
				SWIFT_EMIT_LOC_STRINGS = YES;
				SWIFT_VERSION = 5.0;
				TARGETED_DEVICE_FAMILY = "1,2";
			};
			name = Debug;
		};
		81F6648B2BC858970049600A /* Release */ = {
			isa = XCBuildConfiguration;
			buildSettings = {
				ASSETCATALOG_COMPILER_APPICON_NAME = AppIcon;
				ASSETCATALOG_COMPILER_GLOBAL_ACCENT_COLOR_NAME = AccentColor;
				CODE_SIGN_STYLE = Automatic;
				CURRENT_PROJECT_VERSION = 1;
				DEVELOPMENT_TEAM = 2HD9BFM85J;
				GENERATE_INFOPLIST_FILE = YES;
				INFOPLIST_FILE = "AUX LuGrewal1/Info.plist";
				INFOPLIST_KEY_UIApplicationSupportsIndirectInputEvents = YES;
				INFOPLIST_KEY_UILaunchStoryboardName = LaunchScreen;
				INFOPLIST_KEY_UIMainStoryboardFile = Main;
				INFOPLIST_KEY_UISupportedInterfaceOrientations_iPad = "UIInterfaceOrientationPortrait UIInterfaceOrientationPortraitUpsideDown UIInterfaceOrientationLandscapeLeft UIInterfaceOrientationLandscapeRight";
				INFOPLIST_KEY_UISupportedInterfaceOrientations_iPhone = "UIInterfaceOrientationPortrait UIInterfaceOrientationLandscapeLeft UIInterfaceOrientationLandscapeRight";
				LD_RUNPATH_SEARCH_PATHS = (
					"$(inherited)",
					"@executable_path/Frameworks",
				);
				MARKETING_VERSION = 1.0;
				PRODUCT_BUNDLE_IDENTIFIER = "patrick.AUX-LuGrewal1";
				PRODUCT_NAME = "$(TARGET_NAME)";
				SWIFT_EMIT_LOC_STRINGS = YES;
				SWIFT_VERSION = 5.0;
				TARGETED_DEVICE_FAMILY = "1,2";
			};
			name = Release;
		};
		81F6648D2BC858970049600A /* Debug */ = {
			isa = XCBuildConfiguration;
			buildSettings = {
				ALWAYS_EMBED_SWIFT_STANDARD_LIBRARIES = YES;
				BUNDLE_LOADER = "$(TEST_HOST)";
				CODE_SIGN_STYLE = Automatic;
				CURRENT_PROJECT_VERSION = 1;
				DEVELOPMENT_TEAM = 2HD9BFM85J;
				GENERATE_INFOPLIST_FILE = YES;
				IPHONEOS_DEPLOYMENT_TARGET = 17.4;
				MARKETING_VERSION = 1.0;
				PRODUCT_BUNDLE_IDENTIFIER = "patrick.AUX-LuGrewal1Tests";
				PRODUCT_NAME = "$(TARGET_NAME)";
				SWIFT_EMIT_LOC_STRINGS = NO;
				SWIFT_VERSION = 5.0;
				TARGETED_DEVICE_FAMILY = "1,2";
				TEST_HOST = "$(BUILT_PRODUCTS_DIR)/AUX LuGrewal1.app/$(BUNDLE_EXECUTABLE_FOLDER_PATH)/AUX LuGrewal1";
			};
			name = Debug;
		};
		81F6648E2BC858970049600A /* Release */ = {
			isa = XCBuildConfiguration;
			buildSettings = {
				ALWAYS_EMBED_SWIFT_STANDARD_LIBRARIES = YES;
				BUNDLE_LOADER = "$(TEST_HOST)";
				CODE_SIGN_STYLE = Automatic;
				CURRENT_PROJECT_VERSION = 1;
				DEVELOPMENT_TEAM = 2HD9BFM85J;
				GENERATE_INFOPLIST_FILE = YES;
				IPHONEOS_DEPLOYMENT_TARGET = 17.4;
				MARKETING_VERSION = 1.0;
				PRODUCT_BUNDLE_IDENTIFIER = "patrick.AUX-LuGrewal1Tests";
				PRODUCT_NAME = "$(TARGET_NAME)";
				SWIFT_EMIT_LOC_STRINGS = NO;
				SWIFT_VERSION = 5.0;
				TARGETED_DEVICE_FAMILY = "1,2";
				TEST_HOST = "$(BUILT_PRODUCTS_DIR)/AUX LuGrewal1.app/$(BUNDLE_EXECUTABLE_FOLDER_PATH)/AUX LuGrewal1";
			};
			name = Release;
		};
		81F664902BC858970049600A /* Debug */ = {
			isa = XCBuildConfiguration;
			buildSettings = {
				ALWAYS_EMBED_SWIFT_STANDARD_LIBRARIES = YES;
				CODE_SIGN_STYLE = Automatic;
				CURRENT_PROJECT_VERSION = 1;
				DEVELOPMENT_TEAM = 2HD9BFM85J;
				GENERATE_INFOPLIST_FILE = YES;
				MARKETING_VERSION = 1.0;
				PRODUCT_BUNDLE_IDENTIFIER = "patrick.AUX-LuGrewal1UITests";
				PRODUCT_NAME = "$(TARGET_NAME)";
				SWIFT_EMIT_LOC_STRINGS = NO;
				SWIFT_VERSION = 5.0;
				TARGETED_DEVICE_FAMILY = "1,2";
				TEST_TARGET_NAME = "AUX LuGrewal1";
			};
			name = Debug;
		};
		81F664912BC858970049600A /* Release */ = {
			isa = XCBuildConfiguration;
			buildSettings = {
				ALWAYS_EMBED_SWIFT_STANDARD_LIBRARIES = YES;
				CODE_SIGN_STYLE = Automatic;
				CURRENT_PROJECT_VERSION = 1;
				DEVELOPMENT_TEAM = 2HD9BFM85J;
				GENERATE_INFOPLIST_FILE = YES;
				MARKETING_VERSION = 1.0;
				PRODUCT_BUNDLE_IDENTIFIER = "patrick.AUX-LuGrewal1UITests";
				PRODUCT_NAME = "$(TARGET_NAME)";
				SWIFT_EMIT_LOC_STRINGS = NO;
				SWIFT_VERSION = 5.0;
				TARGETED_DEVICE_FAMILY = "1,2";
				TEST_TARGET_NAME = "AUX LuGrewal1";
			};
			name = Release;
		};
/* End XCBuildConfiguration section */

/* Begin XCConfigurationList section */
		81F6645A2BC858960049600A /* Build configuration list for PBXProject "AUX LuGrewal1" */ = {
			isa = XCConfigurationList;
			buildConfigurations = (
				81F664872BC858970049600A /* Debug */,
				81F664882BC858970049600A /* Release */,
			);
			defaultConfigurationIsVisible = 0;
			defaultConfigurationName = Release;
		};
		81F664892BC858970049600A /* Build configuration list for PBXNativeTarget "AUX LuGrewal1" */ = {
			isa = XCConfigurationList;
			buildConfigurations = (
				81F6648A2BC858970049600A /* Debug */,
				81F6648B2BC858970049600A /* Release */,
			);
			defaultConfigurationIsVisible = 0;
			defaultConfigurationName = Release;
		};
		81F6648C2BC858970049600A /* Build configuration list for PBXNativeTarget "AUX LuGrewal1Tests" */ = {
			isa = XCConfigurationList;
			buildConfigurations = (
				81F6648D2BC858970049600A /* Debug */,
				81F6648E2BC858970049600A /* Release */,
			);
			defaultConfigurationIsVisible = 0;
			defaultConfigurationName = Release;
		};
		81F6648F2BC858970049600A /* Build configuration list for PBXNativeTarget "AUX LuGrewal1UITests" */ = {
			isa = XCConfigurationList;
			buildConfigurations = (
				81F664902BC858970049600A /* Debug */,
				81F664912BC858970049600A /* Release */,
			);
			defaultConfigurationIsVisible = 0;
			defaultConfigurationName = Release;
		};
/* End XCConfigurationList section */
	};
	rootObject = 81F664572BC858960049600A /* Project object */;
}
